// !$*UTF8*$!
{
	archiveVersion = 1;
	classes = {
	};
	objectVersion = 56;
	objects = {

/* Begin PBXBuildFile section */
		3666EF9F2AE90D1000BEEA82 /* OpenWebsiteBlockerTests.swift in Sources */ = {isa = PBXBuildFile; fileRef = 3666EF9E2AE90D1000BEEA82 /* OpenWebsiteBlockerTests.swift */; };
		3666EFA92AE90D1000BEEA82 /* OpenWebsiteBlockerUITests.swift in Sources */ = {isa = PBXBuildFile; fileRef = 3666EFA82AE90D1000BEEA82 /* OpenWebsiteBlockerUITests.swift */; };
		3666EFAB2AE90D1000BEEA82 /* OpenWebsiteBlockerUITestsLaunchTests.swift in Sources */ = {isa = PBXBuildFile; fileRef = 3666EFAA2AE90D1000BEEA82 /* OpenWebsiteBlockerUITestsLaunchTests.swift */; };
		3666EFB62AE90D1000BEEA82 /* SafariWebExtensionHandler.swift in Sources */ = {isa = PBXBuildFile; fileRef = 3666EFB52AE90D1000BEEA82 /* SafariWebExtensionHandler.swift */; };
		3666EFB92AE90D1000BEEA82 /* _locales in Resources */ = {isa = PBXBuildFile; fileRef = 3666EFB82AE90D1000BEEA82 /* _locales */; };
		3666EFBB2AE90D1000BEEA82 /* images in Resources */ = {isa = PBXBuildFile; fileRef = 3666EFBA2AE90D1000BEEA82 /* images */; };
		3666EFBD2AE90D1000BEEA82 /* manifest.json in Resources */ = {isa = PBXBuildFile; fileRef = 3666EFBC2AE90D1000BEEA82 /* manifest.json */; };
		3666EFBF2AE90D1000BEEA82 /* background.js in Resources */ = {isa = PBXBuildFile; fileRef = 3666EFBE2AE90D1000BEEA82 /* background.js */; };
		3666EFC12AE90D1000BEEA82 /* content.js in Resources */ = {isa = PBXBuildFile; fileRef = 3666EFC02AE90D1000BEEA82 /* content.js */; };
		3666EFC32AE90D1000BEEA82 /* popup.html in Resources */ = {isa = PBXBuildFile; fileRef = 3666EFC22AE90D1000BEEA82 /* popup.html */; };
		3666EFC52AE90D1000BEEA82 /* popup.css in Resources */ = {isa = PBXBuildFile; fileRef = 3666EFC42AE90D1000BEEA82 /* popup.css */; };
		3666EFC72AE90D1000BEEA82 /* popup.js in Resources */ = {isa = PBXBuildFile; fileRef = 3666EFC62AE90D1000BEEA82 /* popup.js */; };
		36AB9DEF2AE958810078690E /* OpenWebsiteBlocker Extension.appex in Embed Foundation Extensions */ = {isa = PBXBuildFile; fileRef = 3666EFB02AE90D1000BEEA82 /* OpenWebsiteBlocker Extension.appex */; settings = {ATTRIBUTES = (RemoveHeadersOnCopy, ); }; };
		36C5FBE82AE950F900C4A577 /* OpenWebsiteBlockerApp.swift in Sources */ = {isa = PBXBuildFile; fileRef = 36C5FBE72AE950F900C4A577 /* OpenWebsiteBlockerApp.swift */; };
		36C5FBEA2AE950F900C4A577 /* ContentView.swift in Sources */ = {isa = PBXBuildFile; fileRef = 36C5FBE92AE950F900C4A577 /* ContentView.swift */; };
		36C5FBEC2AE950FA00C4A577 /* Assets.xcassets in Resources */ = {isa = PBXBuildFile; fileRef = 36C5FBEB2AE950FA00C4A577 /* Assets.xcassets */; };
		36C5FBF02AE950FA00C4A577 /* Preview Assets.xcassets in Resources */ = {isa = PBXBuildFile; fileRef = 36C5FBEF2AE950FA00C4A577 /* Preview Assets.xcassets */; };
/* End PBXBuildFile section */

/* Begin PBXContainerItemProxy section */
		36AB9DF02AE958810078690E /* PBXContainerItemProxy */ = {
			isa = PBXContainerItemProxy;
			containerPortal = 3666EF762AE90D0E00BEEA82 /* Project object */;
			proxyType = 1;
			remoteGlobalIDString = 3666EFAF2AE90D1000BEEA82;
			remoteInfo = "OpenWebsiteBlocker Extension";
		};
/* End PBXContainerItemProxy section */

/* Begin PBXCopyFilesBuildPhase section */
		36AB9DF22AE958810078690E /* Embed Foundation Extensions */ = {
			isa = PBXCopyFilesBuildPhase;
			buildActionMask = 2147483647;
			dstPath = "";
			dstSubfolderSpec = 13;
			files = (
				36AB9DEF2AE958810078690E /* OpenWebsiteBlocker Extension.appex in Embed Foundation Extensions */,
			);
			name = "Embed Foundation Extensions";
			runOnlyForDeploymentPostprocessing = 0;
		};
/* End PBXCopyFilesBuildPhase section */

/* Begin PBXFileReference section */
		3666EF812AE90D0E00BEEA82 /* AppDelegate.swift */ = {isa = PBXFileReference; lastKnownFileType = sourcecode.swift; path = AppDelegate.swift; sourceTree = "<group>"; };
		3666EF852AE90D0E00BEEA82 /* Base */ = {isa = PBXFileReference; lastKnownFileType = text.html; name = Base; path = ../Base.lproj/Main.html; sourceTree = "<group>"; };
		3666EF872AE90D0E00BEEA82 /* Icon.png */ = {isa = PBXFileReference; lastKnownFileType = image.png; path = Icon.png; sourceTree = "<group>"; };
		3666EF892AE90D0E00BEEA82 /* Style.css */ = {isa = PBXFileReference; lastKnownFileType = text.css; path = Style.css; sourceTree = "<group>"; };
		3666EF8B2AE90D0E00BEEA82 /* Script.js */ = {isa = PBXFileReference; lastKnownFileType = sourcecode.javascript; path = Script.js; sourceTree = "<group>"; };
		3666EF8D2AE90D0E00BEEA82 /* ViewController.swift */ = {isa = PBXFileReference; lastKnownFileType = sourcecode.swift; path = ViewController.swift; sourceTree = "<group>"; };
		3666EF902AE90D0E00BEEA82 /* Base */ = {isa = PBXFileReference; lastKnownFileType = file.storyboard; name = Base; path = Base.lproj/Main.storyboard; sourceTree = "<group>"; };
		3666EF922AE90D1000BEEA82 /* Assets.xcassets */ = {isa = PBXFileReference; lastKnownFileType = folder.assetcatalog; path = Assets.xcassets; sourceTree = "<group>"; };
		3666EF942AE90D1000BEEA82 /* OpenWebsiteBlocker.entitlements */ = {isa = PBXFileReference; lastKnownFileType = text.plist.entitlements; path = OpenWebsiteBlocker.entitlements; sourceTree = "<group>"; };
		3666EF952AE90D1000BEEA82 /* OpenWebsiteBlocker.entitlements */ = {isa = PBXFileReference; lastKnownFileType = text.plist.entitlements; path = OpenWebsiteBlocker.entitlements; sourceTree = "<group>"; };
		3666EF9A2AE90D1000BEEA82 /* OpenWebsiteBlockerTests.xctest */ = {isa = PBXFileReference; explicitFileType = wrapper.cfbundle; includeInIndex = 0; path = OpenWebsiteBlockerTests.xctest; sourceTree = BUILT_PRODUCTS_DIR; };
		3666EF9E2AE90D1000BEEA82 /* OpenWebsiteBlockerTests.swift */ = {isa = PBXFileReference; lastKnownFileType = sourcecode.swift; path = OpenWebsiteBlockerTests.swift; sourceTree = "<group>"; };
		3666EFA42AE90D1000BEEA82 /* OpenWebsiteBlockerUITests.xctest */ = {isa = PBXFileReference; explicitFileType = wrapper.cfbundle; includeInIndex = 0; path = OpenWebsiteBlockerUITests.xctest; sourceTree = BUILT_PRODUCTS_DIR; };
		3666EFA82AE90D1000BEEA82 /* OpenWebsiteBlockerUITests.swift */ = {isa = PBXFileReference; lastKnownFileType = sourcecode.swift; path = OpenWebsiteBlockerUITests.swift; sourceTree = "<group>"; };
		3666EFAA2AE90D1000BEEA82 /* OpenWebsiteBlockerUITestsLaunchTests.swift */ = {isa = PBXFileReference; lastKnownFileType = sourcecode.swift; path = OpenWebsiteBlockerUITestsLaunchTests.swift; sourceTree = "<group>"; };
		3666EFB02AE90D1000BEEA82 /* OpenWebsiteBlocker Extension.appex */ = {isa = PBXFileReference; explicitFileType = "wrapper.app-extension"; includeInIndex = 0; path = "OpenWebsiteBlocker Extension.appex"; sourceTree = BUILT_PRODUCTS_DIR; };
		3666EFB52AE90D1000BEEA82 /* SafariWebExtensionHandler.swift */ = {isa = PBXFileReference; lastKnownFileType = sourcecode.swift; path = SafariWebExtensionHandler.swift; sourceTree = "<group>"; };
		3666EFB82AE90D1000BEEA82 /* _locales */ = {isa = PBXFileReference; lastKnownFileType = folder; path = _locales; sourceTree = "<group>"; };
		3666EFBA2AE90D1000BEEA82 /* images */ = {isa = PBXFileReference; lastKnownFileType = folder; path = images; sourceTree = "<group>"; };
		3666EFBC2AE90D1000BEEA82 /* manifest.json */ = {isa = PBXFileReference; lastKnownFileType = text.json; path = manifest.json; sourceTree = "<group>"; };
		3666EFBE2AE90D1000BEEA82 /* background.js */ = {isa = PBXFileReference; lastKnownFileType = sourcecode.javascript; path = background.js; sourceTree = "<group>"; };
		3666EFC02AE90D1000BEEA82 /* content.js */ = {isa = PBXFileReference; lastKnownFileType = sourcecode.javascript; path = content.js; sourceTree = "<group>"; };
		3666EFC22AE90D1000BEEA82 /* popup.html */ = {isa = PBXFileReference; lastKnownFileType = text.html; path = popup.html; sourceTree = "<group>"; };
		3666EFC42AE90D1000BEEA82 /* popup.css */ = {isa = PBXFileReference; lastKnownFileType = text.css; path = popup.css; sourceTree = "<group>"; };
		3666EFC62AE90D1000BEEA82 /* popup.js */ = {isa = PBXFileReference; lastKnownFileType = sourcecode.javascript; path = popup.js; sourceTree = "<group>"; };
		3666EFC82AE90D1000BEEA82 /* Info.plist */ = {isa = PBXFileReference; lastKnownFileType = text.plist.xml; path = Info.plist; sourceTree = "<group>"; };
		3666EFC92AE90D1000BEEA82 /* OpenWebsiteBlocker_Extension.entitlements */ = {isa = PBXFileReference; lastKnownFileType = text.plist.entitlements; path = OpenWebsiteBlocker_Extension.entitlements; sourceTree = "<group>"; };
		36C5FBE52AE950F900C4A577 /* OpenWebsiteBlocker.app */ = {isa = PBXFileReference; explicitFileType = wrapper.application; includeInIndex = 0; path = OpenWebsiteBlocker.app; sourceTree = BUILT_PRODUCTS_DIR; };
		36C5FBE72AE950F900C4A577 /* OpenWebsiteBlockerApp.swift */ = {isa = PBXFileReference; lastKnownFileType = sourcecode.swift; path = OpenWebsiteBlockerApp.swift; sourceTree = "<group>"; };
		36C5FBE92AE950F900C4A577 /* ContentView.swift */ = {isa = PBXFileReference; lastKnownFileType = sourcecode.swift; path = ContentView.swift; sourceTree = "<group>"; };
		36C5FBEB2AE950FA00C4A577 /* Assets.xcassets */ = {isa = PBXFileReference; lastKnownFileType = folder.assetcatalog; path = Assets.xcassets; sourceTree = "<group>"; };
		36C5FBED2AE950FA00C4A577 /* OpenWebsiteBlocker.entitlements */ = {isa = PBXFileReference; lastKnownFileType = text.plist.entitlements; path = OpenWebsiteBlocker.entitlements; sourceTree = "<group>"; };
		36C5FBEF2AE950FA00C4A577 /* Preview Assets.xcassets */ = {isa = PBXFileReference; lastKnownFileType = folder.assetcatalog; path = "Preview Assets.xcassets"; sourceTree = "<group>"; };
/* End PBXFileReference section */

/* Begin PBXFrameworksBuildPhase section */
		3666EF972AE90D1000BEEA82 /* Frameworks */ = {
			isa = PBXFrameworksBuildPhase;
			buildActionMask = 2147483647;
			files = (
			);
			runOnlyForDeploymentPostprocessing = 0;
		};
		3666EFA12AE90D1000BEEA82 /* Frameworks */ = {
			isa = PBXFrameworksBuildPhase;
			buildActionMask = 2147483647;
			files = (
			);
			runOnlyForDeploymentPostprocessing = 0;
		};
		3666EFAD2AE90D1000BEEA82 /* Frameworks */ = {
			isa = PBXFrameworksBuildPhase;
			buildActionMask = 2147483647;
			files = (
			);
			runOnlyForDeploymentPostprocessing = 0;
		};
		36C5FBE22AE950F900C4A577 /* Frameworks */ = {
			isa = PBXFrameworksBuildPhase;
			buildActionMask = 2147483647;
			files = (
			);
			runOnlyForDeploymentPostprocessing = 0;
		};
/* End PBXFrameworksBuildPhase section */

/* Begin PBXGroup section */
		3666EF752AE90D0E00BEEA82 = {
			isa = PBXGroup;
			children = (
				36C5FBE62AE950F900C4A577 /* OpenWebsiteBlocker */,
				3666EF802AE90D0E00BEEA82 /* OpenWebsiteBlockerOld */,
				3666EF9D2AE90D1000BEEA82 /* OpenWebsiteBlockerTests */,
				3666EFA72AE90D1000BEEA82 /* OpenWebsiteBlockerUITests */,
				3666EFB42AE90D1000BEEA82 /* OpenWebsiteBlocker Extension */,
				3666EF7F2AE90D0E00BEEA82 /* Products */,
				36AB9DEA2AE9586A0078690E /* Frameworks */,
			);
			sourceTree = "<group>";
		};
		3666EF7F2AE90D0E00BEEA82 /* Products */ = {
			isa = PBXGroup;
			children = (
				3666EF9A2AE90D1000BEEA82 /* OpenWebsiteBlockerTests.xctest */,
				3666EFA42AE90D1000BEEA82 /* OpenWebsiteBlockerUITests.xctest */,
				3666EFB02AE90D1000BEEA82 /* OpenWebsiteBlocker Extension.appex */,
				36C5FBE52AE950F900C4A577 /* OpenWebsiteBlocker.app */,
			);
			name = Products;
			sourceTree = "<group>";
		};
		3666EF802AE90D0E00BEEA82 /* OpenWebsiteBlockerOld */ = {
			isa = PBXGroup;
			children = (
				3666EF812AE90D0E00BEEA82 /* AppDelegate.swift */,
				3666EF8D2AE90D0E00BEEA82 /* ViewController.swift */,
				3666EF8F2AE90D0E00BEEA82 /* Main.storyboard */,
				3666EF922AE90D1000BEEA82 /* Assets.xcassets */,
				3666EF942AE90D1000BEEA82 /* OpenWebsiteBlocker.entitlements */,
				3666EF952AE90D1000BEEA82 /* OpenWebsiteBlocker.entitlements */,
				3666EF832AE90D0E00BEEA82 /* Resources */,
			);
			path = OpenWebsiteBlockerOld;
			sourceTree = "<group>";
		};
		3666EF832AE90D0E00BEEA82 /* Resources */ = {
			isa = PBXGroup;
			children = (
				3666EF842AE90D0E00BEEA82 /* Main.html */,
				3666EF872AE90D0E00BEEA82 /* Icon.png */,
				3666EF892AE90D0E00BEEA82 /* Style.css */,
				3666EF8B2AE90D0E00BEEA82 /* Script.js */,
			);
			path = Resources;
			sourceTree = "<group>";
		};
		3666EF9D2AE90D1000BEEA82 /* OpenWebsiteBlockerTests */ = {
			isa = PBXGroup;
			children = (
				3666EF9E2AE90D1000BEEA82 /* OpenWebsiteBlockerTests.swift */,
			);
			path = OpenWebsiteBlockerTests;
			sourceTree = "<group>";
		};
		3666EFA72AE90D1000BEEA82 /* OpenWebsiteBlockerUITests */ = {
			isa = PBXGroup;
			children = (
				3666EFA82AE90D1000BEEA82 /* OpenWebsiteBlockerUITests.swift */,
				3666EFAA2AE90D1000BEEA82 /* OpenWebsiteBlockerUITestsLaunchTests.swift */,
			);
			path = OpenWebsiteBlockerUITests;
			sourceTree = "<group>";
		};
		3666EFB42AE90D1000BEEA82 /* OpenWebsiteBlocker Extension */ = {
			isa = PBXGroup;
			children = (
				3666EFB52AE90D1000BEEA82 /* SafariWebExtensionHandler.swift */,
				3666EFC82AE90D1000BEEA82 /* Info.plist */,
				3666EFC92AE90D1000BEEA82 /* OpenWebsiteBlocker_Extension.entitlements */,
				3666EFB72AE90D1000BEEA82 /* Resources */,
			);
			path = "OpenWebsiteBlocker Extension";
			sourceTree = "<group>";
		};
		3666EFB72AE90D1000BEEA82 /* Resources */ = {
			isa = PBXGroup;
			children = (
				3666EFB82AE90D1000BEEA82 /* _locales */,
				3666EFBA2AE90D1000BEEA82 /* images */,
				3666EFBC2AE90D1000BEEA82 /* manifest.json */,
				3666EFBE2AE90D1000BEEA82 /* background.js */,
				3666EFC02AE90D1000BEEA82 /* content.js */,
				3666EFC22AE90D1000BEEA82 /* popup.html */,
				3666EFC42AE90D1000BEEA82 /* popup.css */,
				3666EFC62AE90D1000BEEA82 /* popup.js */,
			);
			path = Resources;
			sourceTree = "<group>";
		};
		36AB9DEA2AE9586A0078690E /* Frameworks */ = {
			isa = PBXGroup;
			children = (
			);
			name = Frameworks;
			sourceTree = "<group>";
		};
		36C5FBE62AE950F900C4A577 /* OpenWebsiteBlocker */ = {
			isa = PBXGroup;
			children = (
				36C5FBE72AE950F900C4A577 /* OpenWebsiteBlockerApp.swift */,
				36C5FBE92AE950F900C4A577 /* ContentView.swift */,
				36C5FBEB2AE950FA00C4A577 /* Assets.xcassets */,
				36C5FBED2AE950FA00C4A577 /* OpenWebsiteBlocker.entitlements */,
				36C5FBEE2AE950FA00C4A577 /* Preview Content */,
			);
			path = OpenWebsiteBlocker;
			sourceTree = "<group>";
		};
		36C5FBEE2AE950FA00C4A577 /* Preview Content */ = {
			isa = PBXGroup;
			children = (
				36C5FBEF2AE950FA00C4A577 /* Preview Assets.xcassets */,
			);
			path = "Preview Content";
			sourceTree = "<group>";
		};
/* End PBXGroup section */

/* Begin PBXNativeTarget section */
		3666EF992AE90D1000BEEA82 /* OpenWebsiteBlockerTests */ = {
			isa = PBXNativeTarget;
			buildConfigurationList = 3666EFD32AE90D1000BEEA82 /* Build configuration list for PBXNativeTarget "OpenWebsiteBlockerTests" */;
			buildPhases = (
				3666EF962AE90D1000BEEA82 /* Sources */,
				3666EF972AE90D1000BEEA82 /* Frameworks */,
				3666EF982AE90D1000BEEA82 /* Resources */,
			);
			buildRules = (
			);
			dependencies = (
			);
			name = OpenWebsiteBlockerTests;
			productName = OpenWebsiteBlockerTests;
			productReference = 3666EF9A2AE90D1000BEEA82 /* OpenWebsiteBlockerTests.xctest */;
			productType = "com.apple.product-type.bundle.unit-test";
		};
		3666EFA32AE90D1000BEEA82 /* OpenWebsiteBlockerUITests */ = {
			isa = PBXNativeTarget;
			buildConfigurationList = 3666EFD62AE90D1000BEEA82 /* Build configuration list for PBXNativeTarget "OpenWebsiteBlockerUITests" */;
			buildPhases = (
				3666EFA02AE90D1000BEEA82 /* Sources */,
				3666EFA12AE90D1000BEEA82 /* Frameworks */,
				3666EFA22AE90D1000BEEA82 /* Resources */,
			);
			buildRules = (
			);
			dependencies = (
			);
			name = OpenWebsiteBlockerUITests;
			productName = OpenWebsiteBlockerUITests;
			productReference = 3666EFA42AE90D1000BEEA82 /* OpenWebsiteBlockerUITests.xctest */;
			productType = "com.apple.product-type.bundle.ui-testing";
		};
		3666EFAF2AE90D1000BEEA82 /* OpenWebsiteBlocker Extension */ = {
			isa = PBXNativeTarget;
			buildConfigurationList = 3666EFCC2AE90D1000BEEA82 /* Build configuration list for PBXNativeTarget "OpenWebsiteBlocker Extension" */;
			buildPhases = (
				3666EFAC2AE90D1000BEEA82 /* Sources */,
				3666EFAD2AE90D1000BEEA82 /* Frameworks */,
				3666EFAE2AE90D1000BEEA82 /* Resources */,
			);
			buildRules = (
			);
			dependencies = (
			);
			name = "OpenWebsiteBlocker Extension";
			productName = "OpenWebsiteBlocker Extension";
			productReference = 3666EFB02AE90D1000BEEA82 /* OpenWebsiteBlocker Extension.appex */;
			productType = "com.apple.product-type.app-extension";
		};
		36C5FBE42AE950F900C4A577 /* OpenWebsiteBlocker */ = {
			isa = PBXNativeTarget;
			buildConfigurationList = 36C5FBF12AE950FA00C4A577 /* Build configuration list for PBXNativeTarget "OpenWebsiteBlocker" */;
			buildPhases = (
				36C5FBE12AE950F900C4A577 /* Sources */,
				36C5FBE22AE950F900C4A577 /* Frameworks */,
				36C5FBE32AE950F900C4A577 /* Resources */,
				36AB9DF22AE958810078690E /* Embed Foundation Extensions */,
			);
			buildRules = (
			);
			dependencies = (
				36AB9DF12AE958810078690E /* PBXTargetDependency */,
			);
			name = OpenWebsiteBlocker;
			productName = OpenWebsiteBlocker;
			productReference = 36C5FBE52AE950F900C4A577 /* OpenWebsiteBlocker.app */;
			productType = "com.apple.product-type.application";
		};
/* End PBXNativeTarget section */

/* Begin PBXProject section */
		3666EF762AE90D0E00BEEA82 /* Project object */ = {
			isa = PBXProject;
			attributes = {
				BuildIndependentTargetsInParallel = 1;
				LastSwiftUpdateCheck = 1500;
				LastUpgradeCheck = 1500;
				TargetAttributes = {
					3666EF992AE90D1000BEEA82 = {
						CreatedOnToolsVersion = 15.0.1;
						TestTargetID = 3666EF7D2AE90D0E00BEEA82;
					};
					3666EFA32AE90D1000BEEA82 = {
						CreatedOnToolsVersion = 15.0.1;
						TestTargetID = 3666EF7D2AE90D0E00BEEA82;
					};
					3666EFAF2AE90D1000BEEA82 = {
						CreatedOnToolsVersion = 15.0.1;
					};
					36C5FBE42AE950F900C4A577 = {
						CreatedOnToolsVersion = 15.0;
					};
				};
			};
			buildConfigurationList = 3666EF792AE90D0E00BEEA82 /* Build configuration list for PBXProject "OpenWebsiteBlocker" */;
			compatibilityVersion = "Xcode 14.0";
			developmentRegion = en;
			hasScannedForEncodings = 0;
			knownRegions = (
				en,
				Base,
			);
			mainGroup = 3666EF752AE90D0E00BEEA82;
			productRefGroup = 3666EF7F2AE90D0E00BEEA82 /* Products */;
			projectDirPath = "";
			projectRoot = "";
			targets = (
				36C5FBE42AE950F900C4A577 /* OpenWebsiteBlocker */,
				3666EF992AE90D1000BEEA82 /* OpenWebsiteBlockerTests */,
				3666EFA32AE90D1000BEEA82 /* OpenWebsiteBlockerUITests */,
				3666EFAF2AE90D1000BEEA82 /* OpenWebsiteBlocker Extension */,
			);
		};
/* End PBXProject section */

/* Begin PBXResourcesBuildPhase section */
		3666EF982AE90D1000BEEA82 /* Resources */ = {
			isa = PBXResourcesBuildPhase;
			buildActionMask = 2147483647;
			files = (
			);
			runOnlyForDeploymentPostprocessing = 0;
		};
		3666EFA22AE90D1000BEEA82 /* Resources */ = {
			isa = PBXResourcesBuildPhase;
			buildActionMask = 2147483647;
			files = (
			);
			runOnlyForDeploymentPostprocessing = 0;
		};
		3666EFAE2AE90D1000BEEA82 /* Resources */ = {
			isa = PBXResourcesBuildPhase;
			buildActionMask = 2147483647;
			files = (
				3666EFBF2AE90D1000BEEA82 /* background.js in Resources */,
				3666EFC52AE90D1000BEEA82 /* popup.css in Resources */,
				3666EFC32AE90D1000BEEA82 /* popup.html in Resources */,
				3666EFBB2AE90D1000BEEA82 /* images in Resources */,
				3666EFBD2AE90D1000BEEA82 /* manifest.json in Resources */,
				3666EFB92AE90D1000BEEA82 /* _locales in Resources */,
				3666EFC12AE90D1000BEEA82 /* content.js in Resources */,
				3666EFC72AE90D1000BEEA82 /* popup.js in Resources */,
			);
			runOnlyForDeploymentPostprocessing = 0;
		};
		36C5FBE32AE950F900C4A577 /* Resources */ = {
			isa = PBXResourcesBuildPhase;
			buildActionMask = 2147483647;
			files = (
				36C5FBF02AE950FA00C4A577 /* Preview Assets.xcassets in Resources */,
				36C5FBEC2AE950FA00C4A577 /* Assets.xcassets in Resources */,
			);
			runOnlyForDeploymentPostprocessing = 0;
		};
/* End PBXResourcesBuildPhase section */

/* Begin PBXSourcesBuildPhase section */
		3666EF962AE90D1000BEEA82 /* Sources */ = {
			isa = PBXSourcesBuildPhase;
			buildActionMask = 2147483647;
			files = (
				3666EF9F2AE90D1000BEEA82 /* OpenWebsiteBlockerTests.swift in Sources */,
			);
			runOnlyForDeploymentPostprocessing = 0;
		};
		3666EFA02AE90D1000BEEA82 /* Sources */ = {
			isa = PBXSourcesBuildPhase;
			buildActionMask = 2147483647;
			files = (
				3666EFA92AE90D1000BEEA82 /* OpenWebsiteBlockerUITests.swift in Sources */,
				3666EFAB2AE90D1000BEEA82 /* OpenWebsiteBlockerUITestsLaunchTests.swift in Sources */,
			);
			runOnlyForDeploymentPostprocessing = 0;
		};
		3666EFAC2AE90D1000BEEA82 /* Sources */ = {
			isa = PBXSourcesBuildPhase;
			buildActionMask = 2147483647;
			files = (
				3666EFB62AE90D1000BEEA82 /* SafariWebExtensionHandler.swift in Sources */,
			);
			runOnlyForDeploymentPostprocessing = 0;
		};
		36C5FBE12AE950F900C4A577 /* Sources */ = {
			isa = PBXSourcesBuildPhase;
			buildActionMask = 2147483647;
			files = (
				36C5FBEA2AE950F900C4A577 /* ContentView.swift in Sources */,
				36C5FBE82AE950F900C4A577 /* OpenWebsiteBlockerApp.swift in Sources */,
			);
			runOnlyForDeploymentPostprocessing = 0;
		};
/* End PBXSourcesBuildPhase section */

/* Begin PBXTargetDependency section */
		36AB9DF12AE958810078690E /* PBXTargetDependency */ = {
			isa = PBXTargetDependency;
			target = 3666EFAF2AE90D1000BEEA82 /* OpenWebsiteBlocker Extension */;
			targetProxy = 36AB9DF02AE958810078690E /* PBXContainerItemProxy */;
		};
/* End PBXTargetDependency section */

/* Begin PBXVariantGroup section */
		3666EF842AE90D0E00BEEA82 /* Main.html */ = {
			isa = PBXVariantGroup;
			children = (
				3666EF852AE90D0E00BEEA82 /* Base */,
			);
			name = Main.html;
			sourceTree = "<group>";
		};
		3666EF8F2AE90D0E00BEEA82 /* Main.storyboard */ = {
			isa = PBXVariantGroup;
			children = (
				3666EF902AE90D0E00BEEA82 /* Base */,
			);
			name = Main.storyboard;
			sourceTree = "<group>";
		};
/* End PBXVariantGroup section */

/* Begin XCBuildConfiguration section */
		3666EFCA2AE90D1000BEEA82 /* Debug */ = {
			isa = XCBuildConfiguration;
			buildSettings = {
				ALWAYS_SEARCH_USER_PATHS = NO;
				ASSETCATALOG_COMPILER_GENERATE_SWIFT_ASSET_SYMBOL_EXTENSIONS = YES;
				CLANG_ANALYZER_NONNULL = YES;
				CLANG_ANALYZER_NUMBER_OBJECT_CONVERSION = YES_AGGRESSIVE;
				CLANG_CXX_LANGUAGE_STANDARD = "gnu++20";
				CLANG_ENABLE_MODULES = YES;
				CLANG_ENABLE_OBJC_ARC = YES;
				CLANG_ENABLE_OBJC_WEAK = YES;
				CLANG_WARN_BLOCK_CAPTURE_AUTORELEASING = YES;
				CLANG_WARN_BOOL_CONVERSION = YES;
				CLANG_WARN_COMMA = YES;
				CLANG_WARN_CONSTANT_CONVERSION = YES;
				CLANG_WARN_DEPRECATED_OBJC_IMPLEMENTATIONS = YES;
				CLANG_WARN_DIRECT_OBJC_ISA_USAGE = YES_ERROR;
				CLANG_WARN_DOCUMENTATION_COMMENTS = YES;
				CLANG_WARN_EMPTY_BODY = YES;
				CLANG_WARN_ENUM_CONVERSION = YES;
				CLANG_WARN_INFINITE_RECURSION = YES;
				CLANG_WARN_INT_CONVERSION = YES;
				CLANG_WARN_NON_LITERAL_NULL_CONVERSION = YES;
				CLANG_WARN_OBJC_IMPLICIT_RETAIN_SELF = YES;
				CLANG_WARN_OBJC_LITERAL_CONVERSION = YES;
				CLANG_WARN_OBJC_ROOT_CLASS = YES_ERROR;
				CLANG_WARN_QUOTED_INCLUDE_IN_FRAMEWORK_HEADER = YES;
				CLANG_WARN_RANGE_LOOP_ANALYSIS = YES;
				CLANG_WARN_STRICT_PROTOTYPES = YES;
				CLANG_WARN_SUSPICIOUS_MOVE = YES;
				CLANG_WARN_UNGUARDED_AVAILABILITY = YES_AGGRESSIVE;
				CLANG_WARN_UNREACHABLE_CODE = YES;
				CLANG_WARN__DUPLICATE_METHOD_MATCH = YES;
				COPY_PHASE_STRIP = NO;
				DEBUG_INFORMATION_FORMAT = dwarf;
				ENABLE_STRICT_OBJC_MSGSEND = YES;
				ENABLE_TESTABILITY = YES;
				ENABLE_USER_SCRIPT_SANDBOXING = YES;
				GCC_C_LANGUAGE_STANDARD = gnu17;
				GCC_DYNAMIC_NO_PIC = NO;
				GCC_NO_COMMON_BLOCKS = YES;
				GCC_OPTIMIZATION_LEVEL = 0;
				GCC_PREPROCESSOR_DEFINITIONS = (
					"DEBUG=1",
					"$(inherited)",
				);
				GCC_WARN_64_TO_32_BIT_CONVERSION = YES;
				GCC_WARN_ABOUT_RETURN_TYPE = YES_ERROR;
				GCC_WARN_UNDECLARED_SELECTOR = YES;
				GCC_WARN_UNINITIALIZED_AUTOS = YES_AGGRESSIVE;
				GCC_WARN_UNUSED_FUNCTION = YES;
				GCC_WARN_UNUSED_VARIABLE = YES;
				LOCALIZATION_PREFERS_STRING_CATALOGS = YES;
				MACOSX_DEPLOYMENT_TARGET = 11.0;
				MTL_ENABLE_DEBUG_INFO = INCLUDE_SOURCE;
				MTL_FAST_MATH = YES;
				ONLY_ACTIVE_ARCH = YES;
				SDKROOT = macosx;
				SWIFT_ACTIVE_COMPILATION_CONDITIONS = "DEBUG $(inherited)";
				SWIFT_OPTIMIZATION_LEVEL = "-Onone";
			};
			name = Debug;
		};
		3666EFCB2AE90D1000BEEA82 /* Release */ = {
			isa = XCBuildConfiguration;
			buildSettings = {
				ALWAYS_SEARCH_USER_PATHS = NO;
				ASSETCATALOG_COMPILER_GENERATE_SWIFT_ASSET_SYMBOL_EXTENSIONS = YES;
				CLANG_ANALYZER_NONNULL = YES;
				CLANG_ANALYZER_NUMBER_OBJECT_CONVERSION = YES_AGGRESSIVE;
				CLANG_CXX_LANGUAGE_STANDARD = "gnu++20";
				CLANG_ENABLE_MODULES = YES;
				CLANG_ENABLE_OBJC_ARC = YES;
				CLANG_ENABLE_OBJC_WEAK = YES;
				CLANG_WARN_BLOCK_CAPTURE_AUTORELEASING = YES;
				CLANG_WARN_BOOL_CONVERSION = YES;
				CLANG_WARN_COMMA = YES;
				CLANG_WARN_CONSTANT_CONVERSION = YES;
				CLANG_WARN_DEPRECATED_OBJC_IMPLEMENTATIONS = YES;
				CLANG_WARN_DIRECT_OBJC_ISA_USAGE = YES_ERROR;
				CLANG_WARN_DOCUMENTATION_COMMENTS = YES;
				CLANG_WARN_EMPTY_BODY = YES;
				CLANG_WARN_ENUM_CONVERSION = YES;
				CLANG_WARN_INFINITE_RECURSION = YES;
				CLANG_WARN_INT_CONVERSION = YES;
				CLANG_WARN_NON_LITERAL_NULL_CONVERSION = YES;
				CLANG_WARN_OBJC_IMPLICIT_RETAIN_SELF = YES;
				CLANG_WARN_OBJC_LITERAL_CONVERSION = YES;
				CLANG_WARN_OBJC_ROOT_CLASS = YES_ERROR;
				CLANG_WARN_QUOTED_INCLUDE_IN_FRAMEWORK_HEADER = YES;
				CLANG_WARN_RANGE_LOOP_ANALYSIS = YES;
				CLANG_WARN_STRICT_PROTOTYPES = YES;
				CLANG_WARN_SUSPICIOUS_MOVE = YES;
				CLANG_WARN_UNGUARDED_AVAILABILITY = YES_AGGRESSIVE;
				CLANG_WARN_UNREACHABLE_CODE = YES;
				CLANG_WARN__DUPLICATE_METHOD_MATCH = YES;
				COPY_PHASE_STRIP = NO;
				DEBUG_INFORMATION_FORMAT = "dwarf-with-dsym";
				ENABLE_NS_ASSERTIONS = NO;
				ENABLE_STRICT_OBJC_MSGSEND = YES;
				ENABLE_USER_SCRIPT_SANDBOXING = YES;
				GCC_C_LANGUAGE_STANDARD = gnu17;
				GCC_NO_COMMON_BLOCKS = YES;
				GCC_WARN_64_TO_32_BIT_CONVERSION = YES;
				GCC_WARN_ABOUT_RETURN_TYPE = YES_ERROR;
				GCC_WARN_UNDECLARED_SELECTOR = YES;
				GCC_WARN_UNINITIALIZED_AUTOS = YES_AGGRESSIVE;
				GCC_WARN_UNUSED_FUNCTION = YES;
				GCC_WARN_UNUSED_VARIABLE = YES;
				LOCALIZATION_PREFERS_STRING_CATALOGS = YES;
				MACOSX_DEPLOYMENT_TARGET = 11.0;
				MTL_ENABLE_DEBUG_INFO = NO;
				MTL_FAST_MATH = YES;
				SDKROOT = macosx;
				SWIFT_COMPILATION_MODE = wholemodule;
			};
			name = Release;
		};
		3666EFCD2AE90D1000BEEA82 /* Debug */ = {
			isa = XCBuildConfiguration;
			buildSettings = {
				CODE_SIGN_ENTITLEMENTS = "OpenWebsiteBlocker Extension/OpenWebsiteBlocker_Extension.entitlements";
				CODE_SIGN_STYLE = Automatic;
				CURRENT_PROJECT_VERSION = 1;
				DEVELOPMENT_TEAM = ZF84SJ5A3G;
				ENABLE_HARDENED_RUNTIME = YES;
				GENERATE_INFOPLIST_FILE = YES;
				INFOPLIST_FILE = "OpenWebsiteBlocker Extension/Info.plist";
				INFOPLIST_KEY_CFBundleDisplayName = "OpenWebsiteBlocker Extension";
				INFOPLIST_KEY_NSHumanReadableCopyright = "";
				LD_RUNPATH_SEARCH_PATHS = (
					"$(inherited)",
					"@executable_path/../Frameworks",
					"@executable_path/../../../../Frameworks",
				);
				MARKETING_VERSION = 1.0;
				OTHER_LDFLAGS = (
					"-framework",
					SafariServices,
				);
				PRODUCT_BUNDLE_IDENTIFIER = at.eggerapps.OpenWebsiteBlocker.Extension;
				PRODUCT_NAME = "$(TARGET_NAME)";
				SKIP_INSTALL = YES;
				SUPPORTED_PLATFORMS = "iphoneos iphonesimulator macosx";
				SUPPORTS_MACCATALYST = NO;
				SWIFT_EMIT_LOC_STRINGS = YES;
				SWIFT_VERSION = 5.0;
				TARGETED_DEVICE_FAMILY = 1;
			};
			name = Debug;
		};
		3666EFCE2AE90D1000BEEA82 /* Release */ = {
			isa = XCBuildConfiguration;
			buildSettings = {
				CODE_SIGN_ENTITLEMENTS = "OpenWebsiteBlocker Extension/OpenWebsiteBlocker_Extension.entitlements";
				CODE_SIGN_STYLE = Automatic;
				CURRENT_PROJECT_VERSION = 1;
				DEVELOPMENT_TEAM = ZF84SJ5A3G;
				ENABLE_HARDENED_RUNTIME = YES;
				GENERATE_INFOPLIST_FILE = YES;
				INFOPLIST_FILE = "OpenWebsiteBlocker Extension/Info.plist";
				INFOPLIST_KEY_CFBundleDisplayName = "OpenWebsiteBlocker Extension";
				INFOPLIST_KEY_NSHumanReadableCopyright = "";
				LD_RUNPATH_SEARCH_PATHS = (
					"$(inherited)",
					"@executable_path/../Frameworks",
					"@executable_path/../../../../Frameworks",
				);
				MARKETING_VERSION = 1.0;
				OTHER_LDFLAGS = (
					"-framework",
					SafariServices,
				);
				PRODUCT_BUNDLE_IDENTIFIER = at.eggerapps.OpenWebsiteBlocker.Extension;
				PRODUCT_NAME = "$(TARGET_NAME)";
				SKIP_INSTALL = YES;
				SUPPORTED_PLATFORMS = "iphoneos iphonesimulator macosx";
				SUPPORTS_MACCATALYST = NO;
				SWIFT_EMIT_LOC_STRINGS = YES;
				SWIFT_VERSION = 5.0;
				TARGETED_DEVICE_FAMILY = 1;
			};
			name = Release;
		};
		3666EFD42AE90D1000BEEA82 /* Debug */ = {
			isa = XCBuildConfiguration;
			buildSettings = {
				ALWAYS_EMBED_SWIFT_STANDARD_LIBRARIES = YES;
				BUNDLE_LOADER = "$(TEST_HOST)";
				CODE_SIGN_STYLE = Automatic;
				CURRENT_PROJECT_VERSION = 1;
				GENERATE_INFOPLIST_FILE = YES;
				MARKETING_VERSION = 1.0;
				PRODUCT_BUNDLE_IDENTIFIER = at.eggerapps.OpenWebsiteBlockerTests;
				PRODUCT_NAME = "$(TARGET_NAME)";
				SWIFT_EMIT_LOC_STRINGS = NO;
				SWIFT_VERSION = 5.0;
				TEST_HOST = "$(BUILT_PRODUCTS_DIR)/OpenWebsiteBlocker.app/$(BUNDLE_EXECUTABLE_FOLDER_PATH)/OpenWebsiteBlocker";
			};
			name = Debug;
		};
		3666EFD52AE90D1000BEEA82 /* Release */ = {
			isa = XCBuildConfiguration;
			buildSettings = {
				ALWAYS_EMBED_SWIFT_STANDARD_LIBRARIES = YES;
				BUNDLE_LOADER = "$(TEST_HOST)";
				CODE_SIGN_STYLE = Automatic;
				CURRENT_PROJECT_VERSION = 1;
				GENERATE_INFOPLIST_FILE = YES;
				MARKETING_VERSION = 1.0;
				PRODUCT_BUNDLE_IDENTIFIER = at.eggerapps.OpenWebsiteBlockerTests;
				PRODUCT_NAME = "$(TARGET_NAME)";
				SWIFT_EMIT_LOC_STRINGS = NO;
				SWIFT_VERSION = 5.0;
				TEST_HOST = "$(BUILT_PRODUCTS_DIR)/OpenWebsiteBlocker.app/$(BUNDLE_EXECUTABLE_FOLDER_PATH)/OpenWebsiteBlocker";
			};
			name = Release;
		};
		3666EFD72AE90D1000BEEA82 /* Debug */ = {
			isa = XCBuildConfiguration;
			buildSettings = {
				ALWAYS_EMBED_SWIFT_STANDARD_LIBRARIES = YES;
				CODE_SIGN_STYLE = Automatic;
				CURRENT_PROJECT_VERSION = 1;
				GENERATE_INFOPLIST_FILE = YES;
				MARKETING_VERSION = 1.0;
				PRODUCT_BUNDLE_IDENTIFIER = at.eggerapps.OpenWebsiteBlockerUITests;
				PRODUCT_NAME = "$(TARGET_NAME)";
				SWIFT_EMIT_LOC_STRINGS = NO;
				SWIFT_VERSION = 5.0;
				TEST_TARGET_NAME = OpenWebsiteBlocker;
			};
			name = Debug;
		};
		3666EFD82AE90D1000BEEA82 /* Release */ = {
			isa = XCBuildConfiguration;
			buildSettings = {
				ALWAYS_EMBED_SWIFT_STANDARD_LIBRARIES = YES;
				CODE_SIGN_STYLE = Automatic;
				CURRENT_PROJECT_VERSION = 1;
				GENERATE_INFOPLIST_FILE = YES;
				MARKETING_VERSION = 1.0;
				PRODUCT_BUNDLE_IDENTIFIER = at.eggerapps.OpenWebsiteBlockerUITests;
				PRODUCT_NAME = "$(TARGET_NAME)";
				SWIFT_EMIT_LOC_STRINGS = NO;
				SWIFT_VERSION = 5.0;
				TEST_TARGET_NAME = OpenWebsiteBlocker;
			};
			name = Release;
		};
		36C5FBF22AE950FA00C4A577 /* Debug */ = {
			isa = XCBuildConfiguration;
			buildSettings = {
				ASSETCATALOG_COMPILER_APPICON_NAME = AppIcon;
				ASSETCATALOG_COMPILER_GLOBAL_ACCENT_COLOR_NAME = AccentColor;
				CODE_SIGN_ENTITLEMENTS = OpenWebsiteBlocker/OpenWebsiteBlocker.entitlements;
				CODE_SIGN_STYLE = Automatic;
				CURRENT_PROJECT_VERSION = 1;
				DEVELOPMENT_ASSET_PATHS = "\"OpenWebsiteBlocker/Preview Content\"";
				DEVELOPMENT_TEAM = ZF84SJ5A3G;
				ENABLE_PREVIEWS = YES;
				GENERATE_INFOPLIST_FILE = YES;
				INFOPLIST_KEY_LSUIElement = YES;
				"INFOPLIST_KEY_UIApplicationSceneManifest_Generation[sdk=iphoneos*]" = YES;
				"INFOPLIST_KEY_UIApplicationSceneManifest_Generation[sdk=iphonesimulator*]" = YES;
				"INFOPLIST_KEY_UIApplicationSupportsIndirectInputEvents[sdk=iphoneos*]" = YES;
				"INFOPLIST_KEY_UIApplicationSupportsIndirectInputEvents[sdk=iphonesimulator*]" = YES;
				"INFOPLIST_KEY_UILaunchScreen_Generation[sdk=iphoneos*]" = YES;
				"INFOPLIST_KEY_UILaunchScreen_Generation[sdk=iphonesimulator*]" = YES;
				"INFOPLIST_KEY_UIStatusBarStyle[sdk=iphoneos*]" = UIStatusBarStyleDefault;
				"INFOPLIST_KEY_UIStatusBarStyle[sdk=iphonesimulator*]" = UIStatusBarStyleDefault;
				INFOPLIST_KEY_UISupportedInterfaceOrientations_iPad = "UIInterfaceOrientationPortrait UIInterfaceOrientationPortraitUpsideDown UIInterfaceOrientationLandscapeLeft UIInterfaceOrientationLandscapeRight";
				INFOPLIST_KEY_UISupportedInterfaceOrientations_iPhone = "UIInterfaceOrientationPortrait UIInterfaceOrientationLandscapeLeft UIInterfaceOrientationLandscapeRight";
				IPHONEOS_DEPLOYMENT_TARGET = 17.0;
				LD_RUNPATH_SEARCH_PATHS = "@executable_path/Frameworks";
				"LD_RUNPATH_SEARCH_PATHS[sdk=macosx*]" = "@executable_path/../Frameworks";
				MACOSX_DEPLOYMENT_TARGET = 14.0;
				MARKETING_VERSION = 1.0;
				PRODUCT_BUNDLE_IDENTIFIER = at.eggerapps.OpenWebsiteBlocker;
				PRODUCT_NAME = "$(TARGET_NAME)";
				SDKROOT = auto;
				SUPPORTED_PLATFORMS = "iphoneos iphonesimulator macosx";
				SWIFT_EMIT_LOC_STRINGS = YES;
				SWIFT_VERSION = 5.0;
				TARGETED_DEVICE_FAMILY = "1,2";
			};
			name = Debug;
		};
		36C5FBF32AE950FA00C4A577 /* Release */ = {
			isa = XCBuildConfiguration;
			buildSettings = {
				ASSETCATALOG_COMPILER_APPICON_NAME = AppIcon;
				ASSETCATALOG_COMPILER_GLOBAL_ACCENT_COLOR_NAME = AccentColor;
				CODE_SIGN_ENTITLEMENTS = OpenWebsiteBlocker/OpenWebsiteBlocker.entitlements;
				CODE_SIGN_STYLE = Automatic;
				CURRENT_PROJECT_VERSION = 1;
				DEVELOPMENT_ASSET_PATHS = "\"OpenWebsiteBlocker/Preview Content\"";
				DEVELOPMENT_TEAM = ZF84SJ5A3G;
				ENABLE_PREVIEWS = YES;
				GENERATE_INFOPLIST_FILE = YES;
				INFOPLIST_KEY_LSUIElement = YES;
				"INFOPLIST_KEY_UIApplicationSceneManifest_Generation[sdk=iphoneos*]" = YES;
				"INFOPLIST_KEY_UIApplicationSceneManifest_Generation[sdk=iphonesimulator*]" = YES;
				"INFOPLIST_KEY_UIApplicationSupportsIndirectInputEvents[sdk=iphoneos*]" = YES;
				"INFOPLIST_KEY_UIApplicationSupportsIndirectInputEvents[sdk=iphonesimulator*]" = YES;
				"INFOPLIST_KEY_UILaunchScreen_Generation[sdk=iphoneos*]" = YES;
				"INFOPLIST_KEY_UILaunchScreen_Generation[sdk=iphonesimulator*]" = YES;
				"INFOPLIST_KEY_UIStatusBarStyle[sdk=iphoneos*]" = UIStatusBarStyleDefault;
				"INFOPLIST_KEY_UIStatusBarStyle[sdk=iphonesimulator*]" = UIStatusBarStyleDefault;
				INFOPLIST_KEY_UISupportedInterfaceOrientations_iPad = "UIInterfaceOrientationPortrait UIInterfaceOrientationPortraitUpsideDown UIInterfaceOrientationLandscapeLeft UIInterfaceOrientationLandscapeRight";
				INFOPLIST_KEY_UISupportedInterfaceOrientations_iPhone = "UIInterfaceOrientationPortrait UIInterfaceOrientationLandscapeLeft UIInterfaceOrientationLandscapeRight";
				IPHONEOS_DEPLOYMENT_TARGET = 17.0;
				LD_RUNPATH_SEARCH_PATHS = "@executable_path/Frameworks";
				"LD_RUNPATH_SEARCH_PATHS[sdk=macosx*]" = "@executable_path/../Frameworks";
				MACOSX_DEPLOYMENT_TARGET = 14.0;
				MARKETING_VERSION = 1.0;
				PRODUCT_BUNDLE_IDENTIFIER = at.eggerapps.OpenWebsiteBlocker;
				PRODUCT_NAME = "$(TARGET_NAME)";
				SDKROOT = auto;
				SUPPORTED_PLATFORMS = "iphoneos iphonesimulator macosx";
				SWIFT_EMIT_LOC_STRINGS = YES;
				SWIFT_VERSION = 5.0;
				TARGETED_DEVICE_FAMILY = "1,2";
			};
			name = Release;
		};
/* End XCBuildConfiguration section */

/* Begin XCConfigurationList section */
		3666EF792AE90D0E00BEEA82 /* Build configuration list for PBXProject "OpenWebsiteBlocker" */ = {
			isa = XCConfigurationList;
			buildConfigurations = (
				3666EFCA2AE90D1000BEEA82 /* Debug */,
				3666EFCB2AE90D1000BEEA82 /* Release */,
			);
			defaultConfigurationIsVisible = 0;
			defaultConfigurationName = Release;
		};
		3666EFCC2AE90D1000BEEA82 /* Build configuration list for PBXNativeTarget "OpenWebsiteBlocker Extension" */ = {
			isa = XCConfigurationList;
			buildConfigurations = (
				3666EFCD2AE90D1000BEEA82 /* Debug */,
				3666EFCE2AE90D1000BEEA82 /* Release */,
			);
			defaultConfigurationIsVisible = 0;
			defaultConfigurationName = Release;
		};
		3666EFD32AE90D1000BEEA82 /* Build configuration list for PBXNativeTarget "OpenWebsiteBlockerTests" */ = {
			isa = XCConfigurationList;
			buildConfigurations = (
				3666EFD42AE90D1000BEEA82 /* Debug */,
				3666EFD52AE90D1000BEEA82 /* Release */,
			);
			defaultConfigurationIsVisible = 0;
			defaultConfigurationName = Release;
		};
		3666EFD62AE90D1000BEEA82 /* Build configuration list for PBXNativeTarget "OpenWebsiteBlockerUITests" */ = {
			isa = XCConfigurationList;
			buildConfigurations = (
				3666EFD72AE90D1000BEEA82 /* Debug */,
				3666EFD82AE90D1000BEEA82 /* Release */,
			);
			defaultConfigurationIsVisible = 0;
			defaultConfigurationName = Release;
		};
		36C5FBF12AE950FA00C4A577 /* Build configuration list for PBXNativeTarget "OpenWebsiteBlocker" */ = {
			isa = XCConfigurationList;
			buildConfigurations = (
				36C5FBF22AE950FA00C4A577 /* Debug */,
				36C5FBF32AE950FA00C4A577 /* Release */,
			);
			defaultConfigurationIsVisible = 0;
			defaultConfigurationName = Release;
		};
/* End XCConfigurationList section */
	};
	rootObject = 3666EF762AE90D0E00BEEA82 /* Project object */;
}
